// !$*UTF8*$!
{
	archiveVersion = 1;
	classes = {
	};
	objectVersion = 55;
	objects = {

/* Begin PBXBuildFile section */
		0548B85F27B4C957000478B8 /* DefiWalletApp.swift in Sources */ = {isa = PBXBuildFile; fileRef = 0548B85E27B4C957000478B8 /* DefiWalletApp.swift */; };
		0548B86327B4C959000478B8 /* Assets.xcassets in Resources */ = {isa = PBXBuildFile; fileRef = 0548B86227B4C959000478B8 /* Assets.xcassets */; };
		0548B87327B4C9A6000478B8 /* DefiWalletApp_macOS.swift in Sources */ = {isa = PBXBuildFile; fileRef = 0548B87227B4C9A6000478B8 /* DefiWalletApp_macOS.swift */; };
		0548B87527B4C9A6000478B8 /* ContentView.swift in Sources */ = {isa = PBXBuildFile; fileRef = 0548B87427B4C9A6000478B8 /* ContentView.swift */; };
		0548B87727B4C9A8000478B8 /* Assets.xcassets in Resources */ = {isa = PBXBuildFile; fileRef = 0548B87627B4C9A8000478B8 /* Assets.xcassets */; };
		0548B87A27B4C9A8000478B8 /* Preview Assets.xcassets in Resources */ = {isa = PBXBuildFile; fileRef = 0548B87927B4C9A8000478B8 /* Preview Assets.xcassets */; };
		0548B88227B4D04C000478B8 /* MacConstants.swift in Sources */ = {isa = PBXBuildFile; fileRef = 0548B88127B4D04C000478B8 /* MacConstants.swift */; };
		0548B88527B4D212000478B8 /* GeneralViewModel.swift in Sources */ = {isa = PBXBuildFile; fileRef = 0548B88427B4D212000478B8 /* GeneralViewModel.swift */; };
		0548B88827B4D28D000478B8 /* TabBarButton.swift in Sources */ = {isa = PBXBuildFile; fileRef = 0548B88727B4D28D000478B8 /* TabBarButton.swift */; };
		0548B88A27B4D472000478B8 /* MacBlurView.swift in Sources */ = {isa = PBXBuildFile; fileRef = 0548B88927B4D472000478B8 /* MacBlurView.swift */; };
		0548B88D27B4DFF1000478B8 /* SideNavigationBar.swift in Sources */ = {isa = PBXBuildFile; fileRef = 0548B88C27B4DFF1000478B8 /* SideNavigationBar.swift */; };
		0550300D27B82EF0005EE87C /* StatusBar.swift in Sources */ = {isa = PBXBuildFile; fileRef = 0550300C27B82EF0005EE87C /* StatusBar.swift */; };
		057806B827B838E60008051B /* Colors.xcassets in Resources */ = {isa = PBXBuildFile; fileRef = 057806B727B838E60008051B /* Colors.xcassets */; };
		057806B927B838E60008051B /* Colors.xcassets in Resources */ = {isa = PBXBuildFile; fileRef = 057806B727B838E60008051B /* Colors.xcassets */; };
		057806BE27B8432B0008051B /* Constants.swift in Sources */ = {isa = PBXBuildFile; fileRef = 057806BD27B8432B0008051B /* Constants.swift */; };
		057806C227B85E700008051B /* Stinsen in Frameworks */ = {isa = PBXBuildFile; productRef = 057806C127B85E700008051B /* Stinsen */; };
		057806C527B85EBD0008051B /* Alamofire in Frameworks */ = {isa = PBXBuildFile; productRef = 057806C427B85EBD0008051B /* Alamofire */; };
		057806C827B85F9F0008051B /* web3swift in Frameworks */ = {isa = PBXBuildFile; productRef = 057806C727B85F9F0008051B /* web3swift */; };
		057806CB27B862010008051B /* SwiftUIX in Frameworks */ = {isa = PBXBuildFile; productRef = 057806CA27B862010008051B /* SwiftUIX */; };
		057806CE27B862270008051B /* Colorful in Frameworks */ = {isa = PBXBuildFile; productRef = 057806CD27B862270008051B /* Colorful */; };
		057806D127B862480008051B /* SwiftUICharts in Frameworks */ = {isa = PBXBuildFile; productRef = 057806D027B862480008051B /* SwiftUICharts */; };
		057806D427B862910008051B /* LightChart in Frameworks */ = {isa = PBXBuildFile; productRef = 057806D327B862910008051B /* LightChart */; };
		057806D927B870620008051B /* iosConsants.swift in Sources */ = {isa = PBXBuildFile; fileRef = 057806D827B870620008051B /* iosConsants.swift */; };
		057806DC27B8B8B20008051B /* Preview Assets.xcassets in Resources */ = {isa = PBXBuildFile; fileRef = 057806DB27B8B8B20008051B /* Preview Assets.xcassets */; };
		057806E227B8DE3E0008051B /* MainCoordinator.swift in Sources */ = {isa = PBXBuildFile; fileRef = 057806E127B8DE3E0008051B /* MainCoordinator.swift */; };
		057806E527B8DF240008051B /* CurrentUser.swift in Sources */ = {isa = PBXBuildFile; fileRef = 057806E427B8DF240008051B /* CurrentUser.swift */; };
		057806E627B8DF240008051B /* CurrentUser.swift in Sources */ = {isa = PBXBuildFile; fileRef = 057806E427B8DF240008051B /* CurrentUser.swift */; };
		057806E827B8DF980008051B /* AuthenticationService.swift in Sources */ = {isa = PBXBuildFile; fileRef = 057806E727B8DF980008051B /* AuthenticationService.swift */; };
		057806E927B8DF980008051B /* AuthenticationService.swift in Sources */ = {isa = PBXBuildFile; fileRef = 057806E727B8DF980008051B /* AuthenticationService.swift */; };
		057806EB27B8E1640008051B /* MainCoordinator+Factory.swift in Sources */ = {isa = PBXBuildFile; fileRef = 057806EA27B8E1640008051B /* MainCoordinator+Factory.swift */; };
		057806F027B8E25F0008051B /* UnauthenticatedCoordinator.swift in Sources */ = {isa = PBXBuildFile; fileRef = 057806EF27B8E25F0008051B /* UnauthenticatedCoordinator.swift */; };
		057806F327B8E2A80008051B /* UnauthenticatedCoordinator+Factory.swift in Sources */ = {isa = PBXBuildFile; fileRef = 057806F227B8E2A80008051B /* UnauthenticatedCoordinator+Factory.swift */; };
		057806F627B8E3C10008051B /* AuthenticatedCoordinator.swift in Sources */ = {isa = PBXBuildFile; fileRef = 057806F527B8E3C10008051B /* AuthenticatedCoordinator.swift */; };
		057806F927B8E4320008051B /* AuthenticatedCoordinator+Factory.swift in Sources */ = {isa = PBXBuildFile; fileRef = 057806F827B8E4320008051B /* AuthenticatedCoordinator+Factory.swift */; };
		057806FC27B8E56B0008051B /* WelcomeView.swift in Sources */ = {isa = PBXBuildFile; fileRef = 057806FB27B8E56B0008051B /* WelcomeView.swift */; };
		057806FF27B8E5B20008051B /* UnauthenticatedServices.swift in Sources */ = {isa = PBXBuildFile; fileRef = 057806FE27B8E5B20008051B /* UnauthenticatedServices.swift */; };
		0578070027B8E5B20008051B /* UnauthenticatedServices.swift in Sources */ = {isa = PBXBuildFile; fileRef = 057806FE27B8E5B20008051B /* UnauthenticatedServices.swift */; };
		0578070427B8E8E00008051B /* RoundedButton.swift in Sources */ = {isa = PBXBuildFile; fileRef = 0578070327B8E8E00008051B /* RoundedButton.swift */; };
		0578070527B8E8E00008051B /* RoundedButton.swift in Sources */ = {isa = PBXBuildFile; fileRef = 0578070327B8E8E00008051B /* RoundedButton.swift */; };
		0578070727B8EC2E0008051B /* WelcomeService.swift in Sources */ = {isa = PBXBuildFile; fileRef = 0578070627B8EC2E0008051B /* WelcomeService.swift */; };
		0578070827B8EC2E0008051B /* WelcomeService.swift in Sources */ = {isa = PBXBuildFile; fileRef = 0578070627B8EC2E0008051B /* WelcomeService.swift */; };
		0578070C27B8F1370008051B /* WalletView.swift in Sources */ = {isa = PBXBuildFile; fileRef = 0578070B27B8F1370008051B /* WalletView.swift */; };
		0578070F27B8F1BC0008051B /* WalletCoordinator.swift in Sources */ = {isa = PBXBuildFile; fileRef = 0578070E27B8F1BC0008051B /* WalletCoordinator.swift */; };
		0578071227B8F2A30008051B /* WalletCoordinator+Factory.swift in Sources */ = {isa = PBXBuildFile; fileRef = 0578071127B8F2A30008051B /* WalletCoordinator+Factory.swift */; };
		0578071527B8F61F0008051B /* ProfileView.swift in Sources */ = {isa = PBXBuildFile; fileRef = 0578071427B8F61F0008051B /* ProfileView.swift */; };
		0578071827B8F6980008051B /* ProfileCoordinator.swift in Sources */ = {isa = PBXBuildFile; fileRef = 0578071727B8F6980008051B /* ProfileCoordinator.swift */; };
		0578071B27B8F6D50008051B /* ProfileCoordinator+Factory.swift in Sources */ = {isa = PBXBuildFile; fileRef = 0578071A27B8F6D50008051B /* ProfileCoordinator+Factory.swift */; };
		0578071D27B90A050008051B /* Constants.swift in Sources */ = {isa = PBXBuildFile; fileRef = 057806BD27B8432B0008051B /* Constants.swift */; };
/* End PBXBuildFile section */

/* Begin PBXFileReference section */
		0548B85B27B4C957000478B8 /* DefiWallet.app */ = {isa = PBXFileReference; explicitFileType = wrapper.application; includeInIndex = 0; path = DefiWallet.app; sourceTree = BUILT_PRODUCTS_DIR; };
		0548B85E27B4C957000478B8 /* DefiWalletApp.swift */ = {isa = PBXFileReference; lastKnownFileType = sourcecode.swift; path = DefiWalletApp.swift; sourceTree = "<group>"; };
		0548B86227B4C959000478B8 /* Assets.xcassets */ = {isa = PBXFileReference; lastKnownFileType = folder.assetcatalog; path = Assets.xcassets; sourceTree = "<group>"; };
		0548B87027B4C9A6000478B8 /* DefiWallet.app */ = {isa = PBXFileReference; explicitFileType = wrapper.application; includeInIndex = 0; path = DefiWallet.app; sourceTree = BUILT_PRODUCTS_DIR; };
		0548B87227B4C9A6000478B8 /* DefiWalletApp_macOS.swift */ = {isa = PBXFileReference; lastKnownFileType = sourcecode.swift; path = DefiWalletApp_macOS.swift; sourceTree = "<group>"; };
		0548B87427B4C9A6000478B8 /* ContentView.swift */ = {isa = PBXFileReference; lastKnownFileType = sourcecode.swift; path = ContentView.swift; sourceTree = "<group>"; };
		0548B87627B4C9A8000478B8 /* Assets.xcassets */ = {isa = PBXFileReference; lastKnownFileType = folder.assetcatalog; path = Assets.xcassets; sourceTree = "<group>"; };
		0548B87927B4C9A8000478B8 /* Preview Assets.xcassets */ = {isa = PBXFileReference; lastKnownFileType = folder.assetcatalog; path = "Preview Assets.xcassets"; sourceTree = "<group>"; };
		0548B87B27B4C9A8000478B8 /* DefiWallet__macOS_.entitlements */ = {isa = PBXFileReference; lastKnownFileType = text.plist.entitlements; path = DefiWallet__macOS_.entitlements; sourceTree = "<group>"; };
		0548B88127B4D04C000478B8 /* MacConstants.swift */ = {isa = PBXFileReference; lastKnownFileType = sourcecode.swift; path = MacConstants.swift; sourceTree = "<group>"; };
		0548B88427B4D212000478B8 /* GeneralViewModel.swift */ = {isa = PBXFileReference; lastKnownFileType = sourcecode.swift; path = GeneralViewModel.swift; sourceTree = "<group>"; };
		0548B88727B4D28D000478B8 /* TabBarButton.swift */ = {isa = PBXFileReference; lastKnownFileType = sourcecode.swift; path = TabBarButton.swift; sourceTree = "<group>"; };
		0548B88927B4D472000478B8 /* MacBlurView.swift */ = {isa = PBXFileReference; lastKnownFileType = sourcecode.swift; path = MacBlurView.swift; sourceTree = "<group>"; };
		0548B88C27B4DFF1000478B8 /* SideNavigationBar.swift */ = {isa = PBXFileReference; lastKnownFileType = sourcecode.swift; path = SideNavigationBar.swift; sourceTree = "<group>"; };
		0548B89427B4E881000478B8 /* macOSDevelopment.xcconfig */ = {isa = PBXFileReference; lastKnownFileType = text.xcconfig; path = macOSDevelopment.xcconfig; sourceTree = "<group>"; };
		0548B89527B4E89A000478B8 /* macOSProduction.xcconfig */ = {isa = PBXFileReference; lastKnownFileType = text.xcconfig; path = macOSProduction.xcconfig; sourceTree = "<group>"; };
		0548B89627B4E9BF000478B8 /* DefiWalletDevelopment.xcconfig */ = {isa = PBXFileReference; lastKnownFileType = text.xcconfig; path = DefiWalletDevelopment.xcconfig; sourceTree = "<group>"; };
		0548B89727B4E9F4000478B8 /* DefiWalletProduction.xcconfig */ = {isa = PBXFileReference; lastKnownFileType = text.xcconfig; path = DefiWalletProduction.xcconfig; sourceTree = "<group>"; };
		0548B89827B4EBB9000478B8 /* Info.plist */ = {isa = PBXFileReference; lastKnownFileType = text.plist.xml; path = Info.plist; sourceTree = "<group>"; };
		0550300C27B82EF0005EE87C /* StatusBar.swift */ = {isa = PBXFileReference; lastKnownFileType = sourcecode.swift; path = StatusBar.swift; sourceTree = "<group>"; };
		057806B727B838E60008051B /* Colors.xcassets */ = {isa = PBXFileReference; lastKnownFileType = folder.assetcatalog; path = Colors.xcassets; sourceTree = "<group>"; };
		057806BD27B8432B0008051B /* Constants.swift */ = {isa = PBXFileReference; lastKnownFileType = sourcecode.swift; path = Constants.swift; sourceTree = "<group>"; };
		057806D827B870620008051B /* iosConsants.swift */ = {isa = PBXFileReference; lastKnownFileType = sourcecode.swift; path = iosConsants.swift; sourceTree = "<group>"; };
		057806DB27B8B8B20008051B /* Preview Assets.xcassets */ = {isa = PBXFileReference; lastKnownFileType = folder.assetcatalog; path = "Preview Assets.xcassets"; sourceTree = "<group>"; };
		057806E127B8DE3E0008051B /* MainCoordinator.swift */ = {isa = PBXFileReference; lastKnownFileType = sourcecode.swift; path = MainCoordinator.swift; sourceTree = "<group>"; };
		057806E427B8DF240008051B /* CurrentUser.swift */ = {isa = PBXFileReference; lastKnownFileType = sourcecode.swift; path = CurrentUser.swift; sourceTree = "<group>"; };
		057806E727B8DF980008051B /* AuthenticationService.swift */ = {isa = PBXFileReference; lastKnownFileType = sourcecode.swift; path = AuthenticationService.swift; sourceTree = "<group>"; };
		057806EA27B8E1640008051B /* MainCoordinator+Factory.swift */ = {isa = PBXFileReference; lastKnownFileType = sourcecode.swift; path = "MainCoordinator+Factory.swift"; sourceTree = "<group>"; };
		057806EF27B8E25F0008051B /* UnauthenticatedCoordinator.swift */ = {isa = PBXFileReference; lastKnownFileType = sourcecode.swift; path = UnauthenticatedCoordinator.swift; sourceTree = "<group>"; };
		057806F227B8E2A80008051B /* UnauthenticatedCoordinator+Factory.swift */ = {isa = PBXFileReference; lastKnownFileType = sourcecode.swift; path = "UnauthenticatedCoordinator+Factory.swift"; sourceTree = "<group>"; };
		057806F527B8E3C10008051B /* AuthenticatedCoordinator.swift */ = {isa = PBXFileReference; lastKnownFileType = sourcecode.swift; path = AuthenticatedCoordinator.swift; sourceTree = "<group>"; };
		057806F827B8E4320008051B /* AuthenticatedCoordinator+Factory.swift */ = {isa = PBXFileReference; lastKnownFileType = sourcecode.swift; path = "AuthenticatedCoordinator+Factory.swift"; sourceTree = "<group>"; };
		057806FB27B8E56B0008051B /* WelcomeView.swift */ = {isa = PBXFileReference; lastKnownFileType = sourcecode.swift; path = WelcomeView.swift; sourceTree = "<group>"; };
		057806FE27B8E5B20008051B /* UnauthenticatedServices.swift */ = {isa = PBXFileReference; lastKnownFileType = sourcecode.swift; path = UnauthenticatedServices.swift; sourceTree = "<group>"; };
		0578070327B8E8E00008051B /* RoundedButton.swift */ = {isa = PBXFileReference; lastKnownFileType = sourcecode.swift; path = RoundedButton.swift; sourceTree = "<group>"; };
		0578070627B8EC2E0008051B /* WelcomeService.swift */ = {isa = PBXFileReference; lastKnownFileType = sourcecode.swift; path = WelcomeService.swift; sourceTree = "<group>"; };
		0578070B27B8F1370008051B /* WalletView.swift */ = {isa = PBXFileReference; lastKnownFileType = sourcecode.swift; path = WalletView.swift; sourceTree = "<group>"; };
		0578070E27B8F1BC0008051B /* WalletCoordinator.swift */ = {isa = PBXFileReference; lastKnownFileType = sourcecode.swift; path = WalletCoordinator.swift; sourceTree = "<group>"; };
		0578071127B8F2A30008051B /* WalletCoordinator+Factory.swift */ = {isa = PBXFileReference; lastKnownFileType = sourcecode.swift; path = "WalletCoordinator+Factory.swift"; sourceTree = "<group>"; };
		0578071427B8F61F0008051B /* ProfileView.swift */ = {isa = PBXFileReference; lastKnownFileType = sourcecode.swift; path = ProfileView.swift; sourceTree = "<group>"; };
		0578071727B8F6980008051B /* ProfileCoordinator.swift */ = {isa = PBXFileReference; lastKnownFileType = sourcecode.swift; path = ProfileCoordinator.swift; sourceTree = "<group>"; };
		0578071A27B8F6D50008051B /* ProfileCoordinator+Factory.swift */ = {isa = PBXFileReference; lastKnownFileType = sourcecode.swift; path = "ProfileCoordinator+Factory.swift"; sourceTree = "<group>"; };
		05B6F35A27B617E500ECF820 /* Info.plist */ = {isa = PBXFileReference; lastKnownFileType = text.plist.xml; path = Info.plist; sourceTree = "<group>"; };
/* End PBXFileReference section */

/* Begin PBXFrameworksBuildPhase section */
		0548B85827B4C957000478B8 /* Frameworks */ = {
			isa = PBXFrameworksBuildPhase;
			buildActionMask = 2147483647;
			files = (
				057806C227B85E700008051B /* Stinsen in Frameworks */,
				057806C527B85EBD0008051B /* Alamofire in Frameworks */,
				057806C827B85F9F0008051B /* web3swift in Frameworks */,
				057806D127B862480008051B /* SwiftUICharts in Frameworks */,
				057806CE27B862270008051B /* Colorful in Frameworks */,
				057806D427B862910008051B /* LightChart in Frameworks */,
				057806CB27B862010008051B /* SwiftUIX in Frameworks */,
			);
			runOnlyForDeploymentPostprocessing = 0;
		};
		0548B86D27B4C9A6000478B8 /* Frameworks */ = {
			isa = PBXFrameworksBuildPhase;
			buildActionMask = 2147483647;
			files = (
			);
			runOnlyForDeploymentPostprocessing = 0;
		};
/* End PBXFrameworksBuildPhase section */

/* Begin PBXGroup section */
		0548B85227B4C957000478B8 = {
			isa = PBXGroup;
			children = (
				0548B87F27B4CAF5000478B8 /* Shared */,
				0548B85D27B4C957000478B8 /* iOS */,
				0548B87127B4C9A6000478B8 /* macOS */,
				0548B85C27B4C957000478B8 /* Products */,
			);
			sourceTree = "<group>";
		};
		0548B85C27B4C957000478B8 /* Products */ = {
			isa = PBXGroup;
			children = (
				0548B85B27B4C957000478B8 /* DefiWallet.app */,
				0548B87027B4C9A6000478B8 /* DefiWallet.app */,
			);
			name = Products;
			sourceTree = "<group>";
		};
		0548B85D27B4C957000478B8 /* iOS */ = {
			isa = PBXGroup;
			children = (
				0548B85E27B4C957000478B8 /* DefiWalletApp.swift */,
				057806D727B86F860008051B /* Helpers */,
				0548B86227B4C959000478B8 /* Assets.xcassets */,
				057806DB27B8B8B20008051B /* Preview Assets.xcassets */,
				0548B89827B4EBB9000478B8 /* Info.plist */,
				0548B89727B4E9F4000478B8 /* DefiWalletProduction.xcconfig */,
				0548B89627B4E9BF000478B8 /* DefiWalletDevelopment.xcconfig */,
			);
			path = iOS;
			sourceTree = "<group>";
		};
		0548B87127B4C9A6000478B8 /* macOS */ = {
			isa = PBXGroup;
			children = (
				0548B87227B4C9A6000478B8 /* DefiWalletApp_macOS.swift */,
				0548B88327B4D1B2000478B8 /* ViewModels */,
				0550300B27B82E9B005EE87C /* Views */,
				0548B88027B4D010000478B8 /* Helpers */,
				0548B87627B4C9A8000478B8 /* Assets.xcassets */,
				0548B87927B4C9A8000478B8 /* Preview Assets.xcassets */,
				0548B87B27B4C9A8000478B8 /* DefiWallet__macOS_.entitlements */,
				05B6F35A27B617E500ECF820 /* Info.plist */,
				0548B89527B4E89A000478B8 /* macOSProduction.xcconfig */,
				0548B89427B4E881000478B8 /* macOSDevelopment.xcconfig */,
			);
			path = macOS;
			sourceTree = "<group>";
		};
		0548B87F27B4CAF5000478B8 /* Shared */ = {
			isa = PBXGroup;
			children = (
				057806B727B838E60008051B /* Colors.xcassets */,
				057806DE27B8CC880008051B /* Coordinators */,
				057806BC27B842050008051B /* Models */,
				057806BB27B841FE0008051B /* Views */,
				057806E027B8DD460008051B /* Services */,
				0578070127B8E80A0008051B /* Components */,
				057806DF27B8CCD50008051B /* Extensions */,
				057806DD27B8CC6C0008051B /* Helpers */,
			);
			path = Shared;
			sourceTree = "<group>";
		};
		0548B88027B4D010000478B8 /* Helpers */ = {
			isa = PBXGroup;
			children = (
				0548B88127B4D04C000478B8 /* MacConstants.swift */,
			);
			path = Helpers;
			sourceTree = "<group>";
		};
		0548B88327B4D1B2000478B8 /* ViewModels */ = {
			isa = PBXGroup;
			children = (
				0548B88427B4D212000478B8 /* GeneralViewModel.swift */,
			);
			path = ViewModels;
			sourceTree = "<group>";
		};
		0548B88627B4D268000478B8 /* Status Bar */ = {
			isa = PBXGroup;
			children = (
				0550300C27B82EF0005EE87C /* StatusBar.swift */,
			);
			path = "Status Bar";
			sourceTree = "<group>";
		};
		0548B88B27B4DFA0000478B8 /* Navigation Bar */ = {
			isa = PBXGroup;
			children = (
				0548B88C27B4DFF1000478B8 /* SideNavigationBar.swift */,
				0548B88727B4D28D000478B8 /* TabBarButton.swift */,
			);
			path = "Navigation Bar";
			sourceTree = "<group>";
		};
		0550300B27B82E9B005EE87C /* Views */ = {
			isa = PBXGroup;
			children = (
				0548B87427B4C9A6000478B8 /* ContentView.swift */,
				0548B88627B4D268000478B8 /* Status Bar */,
				0548B88B27B4DFA0000478B8 /* Navigation Bar */,
				0548B88927B4D472000478B8 /* MacBlurView.swift */,
			);
			path = Views;
			sourceTree = "<group>";
		};
		057806BB27B841FE0008051B /* Views */ = {
			isa = PBXGroup;
			children = (
				057806FB27B8E56B0008051B /* WelcomeView.swift */,
				0578070927B8F0680008051B /* Wallet View */,
				0578070A27B8F0720008051B /* Profile View */,
			);
			path = Views;
			sourceTree = "<group>";
		};
		057806BC27B842050008051B /* Models */ = {
			isa = PBXGroup;
			children = (
				057806E427B8DF240008051B /* CurrentUser.swift */,
			);
			path = Models;
			sourceTree = "<group>";
		};
		057806D727B86F860008051B /* Helpers */ = {
			isa = PBXGroup;
			children = (
				057806D827B870620008051B /* iosConsants.swift */,
			);
			path = Helpers;
			sourceTree = "<group>";
		};
		057806DD27B8CC6C0008051B /* Helpers */ = {
			isa = PBXGroup;
			children = (
				057806BD27B8432B0008051B /* Constants.swift */,
			);
			path = Helpers;
			sourceTree = "<group>";
		};
		057806DE27B8CC880008051B /* Coordinators */ = {
			isa = PBXGroup;
			children = (
				057806EA27B8E1640008051B /* MainCoordinator+Factory.swift */,
				057806E127B8DE3E0008051B /* MainCoordinator.swift */,
				057806ED27B8E1BD0008051B /* Unauthenticated */,
				057806EE27B8E1D10008051B /* Authenticated */,
			);
			path = Coordinators;
			sourceTree = "<group>";
		};
		057806DF27B8CCD50008051B /* Extensions */ = {
			isa = PBXGroup;
			children = (
			);
			path = Extensions;
			sourceTree = "<group>";
		};
		057806E027B8DD460008051B /* Services */ = {
			isa = PBXGroup;
			children = (
				057806E727B8DF980008051B /* AuthenticationService.swift */,
				057806FE27B8E5B20008051B /* UnauthenticatedServices.swift */,
				0578070627B8EC2E0008051B /* WelcomeService.swift */,
			);
			path = Services;
			sourceTree = "<group>";
		};
		057806ED27B8E1BD0008051B /* Unauthenticated */ = {
			isa = PBXGroup;
			children = (
				057806EF27B8E25F0008051B /* UnauthenticatedCoordinator.swift */,
				057806F227B8E2A80008051B /* UnauthenticatedCoordinator+Factory.swift */,
			);
			path = Unauthenticated;
			sourceTree = "<group>";
		};
		057806EE27B8E1D10008051B /* Authenticated */ = {
			isa = PBXGroup;
			children = (
				057806F527B8E3C10008051B /* AuthenticatedCoordinator.swift */,
				057806F827B8E4320008051B /* AuthenticatedCoordinator+Factory.swift */,
			);
			name = Authenticated;
			path = Unauthenticated;
			sourceTree = "<group>";
		};
		0578070127B8E80A0008051B /* Components */ = {
			isa = PBXGroup;
			children = (
				0578070227B8E8240008051B /* Buttons */,
			);
			path = Components;
			sourceTree = "<group>";
		};
		0578070227B8E8240008051B /* Buttons */ = {
			isa = PBXGroup;
			children = (
				0578070327B8E8E00008051B /* RoundedButton.swift */,
			);
			path = Buttons;
			sourceTree = "<group>";
		};
		0578070927B8F0680008051B /* Wallet View */ = {
			isa = PBXGroup;
			children = (
				0578070B27B8F1370008051B /* WalletView.swift */,
				0578070E27B8F1BC0008051B /* WalletCoordinator.swift */,
				0578071127B8F2A30008051B /* WalletCoordinator+Factory.swift */,
			);
			path = "Wallet View";
			sourceTree = "<group>";
		};
		0578070A27B8F0720008051B /* Profile View */ = {
			isa = PBXGroup;
			children = (
				0578071427B8F61F0008051B /* ProfileView.swift */,
				0578071727B8F6980008051B /* ProfileCoordinator.swift */,
				0578071A27B8F6D50008051B /* ProfileCoordinator+Factory.swift */,
			);
			path = "Profile View";
			sourceTree = "<group>";
		};
/* End PBXGroup section */

/* Begin PBXNativeTarget section */
		0548B85A27B4C957000478B8 /* DefiWallet (iOS) */ = {
			isa = PBXNativeTarget;
			buildConfigurationList = 0548B86927B4C959000478B8 /* Build configuration list for PBXNativeTarget "DefiWallet (iOS)" */;
			buildPhases = (
				0548B85727B4C957000478B8 /* Sources */,
				0548B85827B4C957000478B8 /* Frameworks */,
				0548B85927B4C957000478B8 /* Resources */,
				057806D627B8657A0008051B /* SwiftLint Run Script */,
			);
			buildRules = (
			);
			dependencies = (
			);
			name = "DefiWallet (iOS)";
			packageProductDependencies = (
				057806C127B85E700008051B /* Stinsen */,
				057806C427B85EBD0008051B /* Alamofire */,
				057806C727B85F9F0008051B /* web3swift */,
				057806CA27B862010008051B /* SwiftUIX */,
				057806CD27B862270008051B /* Colorful */,
				057806D027B862480008051B /* SwiftUICharts */,
				057806D327B862910008051B /* LightChart */,
			);
			productName = DefiWallet;
			productReference = 0548B85B27B4C957000478B8 /* DefiWallet.app */;
			productType = "com.apple.product-type.application";
		};
		0548B86F27B4C9A6000478B8 /* DefiWallet (macOS) */ = {
			isa = PBXNativeTarget;
			buildConfigurationList = 0548B87C27B4C9A8000478B8 /* Build configuration list for PBXNativeTarget "DefiWallet (macOS)" */;
			buildPhases = (
				0548B86C27B4C9A6000478B8 /* Sources */,
				0548B86D27B4C9A6000478B8 /* Frameworks */,
				0548B86E27B4C9A6000478B8 /* Resources */,
				057806DA27B8A4B60008051B /* SwiftLint Run Script */,
			);
			buildRules = (
			);
			dependencies = (
			);
			name = "DefiWallet (macOS)";
			productName = "DefiWallet (macOS)";
			productReference = 0548B87027B4C9A6000478B8 /* DefiWallet.app */;
			productType = "com.apple.product-type.application";
		};
/* End PBXNativeTarget section */

/* Begin PBXProject section */
		0548B85327B4C957000478B8 /* Project object */ = {
			isa = PBXProject;
			attributes = {
				BuildIndependentTargetsInParallel = NO;
				LastSwiftUpdateCheck = 1320;
				LastUpgradeCheck = 1320;
				TargetAttributes = {
					0548B85A27B4C957000478B8 = {
						CreatedOnToolsVersion = 13.2.1;
					};
					0548B86F27B4C9A6000478B8 = {
						CreatedOnToolsVersion = 13.2.1;
					};
				};
			};
			buildConfigurationList = 0548B85627B4C957000478B8 /* Build configuration list for PBXProject "DefiWallet" */;
			compatibilityVersion = "Xcode 13.0";
			developmentRegion = en;
			hasScannedForEncodings = 0;
			knownRegions = (
				en,
				Base,
			);
			mainGroup = 0548B85227B4C957000478B8;
			packageReferences = (
				057806C027B85E700008051B /* XCRemoteSwiftPackageReference "stinsen" */,
				057806C327B85EBD0008051B /* XCRemoteSwiftPackageReference "Alamofire" */,
				057806C627B85F9F0008051B /* XCRemoteSwiftPackageReference "web3swift" */,
				057806C927B862010008051B /* XCRemoteSwiftPackageReference "SwiftUIX" */,
				057806CC27B862270008051B /* XCRemoteSwiftPackageReference "Colorful" */,
				057806CF27B862480008051B /* XCRemoteSwiftPackageReference "ChartView" */,
				057806D227B862910008051B /* XCRemoteSwiftPackageReference "LightChart" */,
				057806D527B865330008051B /* XCRemoteSwiftPackageReference "SwiftLint" */,
			);
			productRefGroup = 0548B85C27B4C957000478B8 /* Products */;
			projectDirPath = "";
			projectRoot = "";
			targets = (
				0548B85A27B4C957000478B8 /* DefiWallet (iOS) */,
				0548B86F27B4C9A6000478B8 /* DefiWallet (macOS) */,
			);
		};
/* End PBXProject section */

/* Begin PBXResourcesBuildPhase section */
		0548B85927B4C957000478B8 /* Resources */ = {
			isa = PBXResourcesBuildPhase;
			buildActionMask = 2147483647;
			files = (
				057806B827B838E60008051B /* Colors.xcassets in Resources */,
				057806DC27B8B8B20008051B /* Preview Assets.xcassets in Resources */,
				0548B86327B4C959000478B8 /* Assets.xcassets in Resources */,
			);
			runOnlyForDeploymentPostprocessing = 0;
		};
		0548B86E27B4C9A6000478B8 /* Resources */ = {
			isa = PBXResourcesBuildPhase;
			buildActionMask = 2147483647;
			files = (
				057806B927B838E60008051B /* Colors.xcassets in Resources */,
				0548B87A27B4C9A8000478B8 /* Preview Assets.xcassets in Resources */,
				0548B87727B4C9A8000478B8 /* Assets.xcassets in Resources */,
			);
			runOnlyForDeploymentPostprocessing = 0;
		};
/* End PBXResourcesBuildPhase section */

/* Begin PBXShellScriptBuildPhase section */
		057806D627B8657A0008051B /* SwiftLint Run Script */ = {
			isa = PBXShellScriptBuildPhase;
			buildActionMask = 2147483647;
			files = (
			);
			inputFileListPaths = (
			);
			inputPaths = (
			);
			name = "SwiftLint Run Script";
			outputFileListPaths = (
			);
			outputPaths = (
			);
			runOnlyForDeploymentPostprocessing = 0;
			shellPath = /bin/sh;
			shellScript = "export PATH=\"$PATH:/opt/homebrew/bin\"\n\nif which swiftlint >/dev/null; then\n  swiftlint\nelse\n  echo \"warning: SwiftLint not installed, download from https://github.com/realm/SwiftLint\"\nfi\n";
		};
		057806DA27B8A4B60008051B /* SwiftLint Run Script */ = {
			isa = PBXShellScriptBuildPhase;
			buildActionMask = 2147483647;
			files = (
			);
			inputFileListPaths = (
			);
			inputPaths = (
			);
			name = "SwiftLint Run Script";
			outputFileListPaths = (
			);
			outputPaths = (
			);
			runOnlyForDeploymentPostprocessing = 0;
			shellPath = /bin/sh;
			shellScript = "export PATH=\"$PATH:/opt/homebrew/bin\"\n\nif which swiftlint >/dev/null; then\n  swiftlint\nelse\n  echo \"warning: SwiftLint not installed, download from https://github.com/realm/SwiftLint\"\nfi\n";
		};
/* End PBXShellScriptBuildPhase section */

/* Begin PBXSourcesBuildPhase section */
		0548B85727B4C957000478B8 /* Sources */ = {
			isa = PBXSourcesBuildPhase;
			buildActionMask = 2147483647;
			files = (
				057806F327B8E2A80008051B /* UnauthenticatedCoordinator+Factory.swift in Sources */,
				0578070427B8E8E00008051B /* RoundedButton.swift in Sources */,
				057806D927B870620008051B /* iosConsants.swift in Sources */,
				0578071227B8F2A30008051B /* WalletCoordinator+Factory.swift in Sources */,
				0548B85F27B4C957000478B8 /* DefiWalletApp.swift in Sources */,
				057806E227B8DE3E0008051B /* MainCoordinator.swift in Sources */,
				057806EB27B8E1640008051B /* MainCoordinator+Factory.swift in Sources */,
				057806E527B8DF240008051B /* CurrentUser.swift in Sources */,
				0578071827B8F6980008051B /* ProfileCoordinator.swift in Sources */,
				057806FC27B8E56B0008051B /* WelcomeView.swift in Sources */,
				057806BE27B8432B0008051B /* Constants.swift in Sources */,
				057806F627B8E3C10008051B /* AuthenticatedCoordinator.swift in Sources */,
				0578071B27B8F6D50008051B /* ProfileCoordinator+Factory.swift in Sources */,
				0578070C27B8F1370008051B /* WalletView.swift in Sources */,
				057806F027B8E25F0008051B /* UnauthenticatedCoordinator.swift in Sources */,
				0578070727B8EC2E0008051B /* WelcomeService.swift in Sources */,
				057806E827B8DF980008051B /* AuthenticationService.swift in Sources */,
				057806FF27B8E5B20008051B /* UnauthenticatedServices.swift in Sources */,
				0578071527B8F61F0008051B /* ProfileView.swift in Sources */,
				057806F927B8E4320008051B /* AuthenticatedCoordinator+Factory.swift in Sources */,
				0578070F27B8F1BC0008051B /* WalletCoordinator.swift in Sources */,
			);
			runOnlyForDeploymentPostprocessing = 0;
		};
		0548B86C27B4C9A6000478B8 /* Sources */ = {
			isa = PBXSourcesBuildPhase;
			buildActionMask = 2147483647;
			files = (
				0578070827B8EC2E0008051B /* WelcomeService.swift in Sources */,
				057806E627B8DF240008051B /* CurrentUser.swift in Sources */,
				0578070527B8E8E00008051B /* RoundedButton.swift in Sources */,
				0548B87527B4C9A6000478B8 /* ContentView.swift in Sources */,
				0548B88227B4D04C000478B8 /* MacConstants.swift in Sources */,
				0548B87327B4C9A6000478B8 /* DefiWalletApp_macOS.swift in Sources */,
				057806E927B8DF980008051B /* AuthenticationService.swift in Sources */,
				0550300D27B82EF0005EE87C /* StatusBar.swift in Sources */,
				0548B88D27B4DFF1000478B8 /* SideNavigationBar.swift in Sources */,
				0548B88A27B4D472000478B8 /* MacBlurView.swift in Sources */,
				0578070027B8E5B20008051B /* UnauthenticatedServices.swift in Sources */,
				0578071D27B90A050008051B /* Constants.swift in Sources */,
				0548B88827B4D28D000478B8 /* TabBarButton.swift in Sources */,
				0548B88527B4D212000478B8 /* GeneralViewModel.swift in Sources */,
			);
			runOnlyForDeploymentPostprocessing = 0;
		};
/* End PBXSourcesBuildPhase section */

/* Begin XCBuildConfiguration section */
		0548B86727B4C959000478B8 /* Debug - Production */ = {
			isa = XCBuildConfiguration;
			buildSettings = {
				ALWAYS_SEARCH_USER_PATHS = NO;
				CLANG_ANALYZER_NONNULL = YES;
				CLANG_ANALYZER_NUMBER_OBJECT_CONVERSION = YES_AGGRESSIVE;
				CLANG_CXX_LANGUAGE_STANDARD = "gnu++17";
				CLANG_CXX_LIBRARY = "libc++";
				CLANG_ENABLE_MODULES = YES;
				CLANG_ENABLE_OBJC_ARC = YES;
				CLANG_ENABLE_OBJC_WEAK = YES;
				CLANG_WARN_BLOCK_CAPTURE_AUTORELEASING = YES;
				CLANG_WARN_BOOL_CONVERSION = YES;
				CLANG_WARN_COMMA = YES;
				CLANG_WARN_CONSTANT_CONVERSION = YES;
				CLANG_WARN_DEPRECATED_OBJC_IMPLEMENTATIONS = YES;
				CLANG_WARN_DIRECT_OBJC_ISA_USAGE = YES_ERROR;
				CLANG_WARN_DOCUMENTATION_COMMENTS = YES;
				CLANG_WARN_EMPTY_BODY = YES;
				CLANG_WARN_ENUM_CONVERSION = YES;
				CLANG_WARN_INFINITE_RECURSION = YES;
				CLANG_WARN_INT_CONVERSION = YES;
				CLANG_WARN_NON_LITERAL_NULL_CONVERSION = YES;
				CLANG_WARN_OBJC_IMPLICIT_RETAIN_SELF = YES;
				CLANG_WARN_OBJC_LITERAL_CONVERSION = YES;
				CLANG_WARN_OBJC_ROOT_CLASS = YES_ERROR;
				CLANG_WARN_QUOTED_INCLUDE_IN_FRAMEWORK_HEADER = YES;
				CLANG_WARN_RANGE_LOOP_ANALYSIS = YES;
				CLANG_WARN_STRICT_PROTOTYPES = YES;
				CLANG_WARN_SUSPICIOUS_MOVE = YES;
				CLANG_WARN_UNGUARDED_AVAILABILITY = YES_AGGRESSIVE;
				CLANG_WARN_UNREACHABLE_CODE = YES;
				CLANG_WARN__DUPLICATE_METHOD_MATCH = YES;
				COPY_PHASE_STRIP = NO;
				DEBUG_INFORMATION_FORMAT = dwarf;
				ENABLE_STRICT_OBJC_MSGSEND = YES;
				ENABLE_TESTABILITY = YES;
				GCC_C_LANGUAGE_STANDARD = gnu11;
				GCC_DYNAMIC_NO_PIC = NO;
				GCC_NO_COMMON_BLOCKS = YES;
				GCC_OPTIMIZATION_LEVEL = 0;
				GCC_PREPROCESSOR_DEFINITIONS = (
					"DEBUG=1",
					"$(inherited)",
				);
				GCC_WARN_64_TO_32_BIT_CONVERSION = YES;
				GCC_WARN_ABOUT_RETURN_TYPE = YES_ERROR;
				GCC_WARN_UNDECLARED_SELECTOR = YES;
				GCC_WARN_UNINITIALIZED_AUTOS = YES_AGGRESSIVE;
				GCC_WARN_UNUSED_FUNCTION = YES;
				GCC_WARN_UNUSED_VARIABLE = YES;
				IPHONEOS_DEPLOYMENT_TARGET = 15.2;
				MTL_ENABLE_DEBUG_INFO = INCLUDE_SOURCE;
				MTL_FAST_MATH = YES;
				ONLY_ACTIVE_ARCH = YES;
				SDKROOT = iphoneos;
				SWIFT_ACTIVE_COMPILATION_CONDITIONS = DEBUG;
				SWIFT_OPTIMIZATION_LEVEL = "-Onone";
			};
			name = "Debug - Production";
		};
		0548B86827B4C959000478B8 /* Release - Production */ = {
			isa = XCBuildConfiguration;
			buildSettings = {
				ALWAYS_SEARCH_USER_PATHS = NO;
				CLANG_ANALYZER_NONNULL = YES;
				CLANG_ANALYZER_NUMBER_OBJECT_CONVERSION = YES_AGGRESSIVE;
				CLANG_CXX_LANGUAGE_STANDARD = "gnu++17";
				CLANG_CXX_LIBRARY = "libc++";
				CLANG_ENABLE_MODULES = YES;
				CLANG_ENABLE_OBJC_ARC = YES;
				CLANG_ENABLE_OBJC_WEAK = YES;
				CLANG_WARN_BLOCK_CAPTURE_AUTORELEASING = YES;
				CLANG_WARN_BOOL_CONVERSION = YES;
				CLANG_WARN_COMMA = YES;
				CLANG_WARN_CONSTANT_CONVERSION = YES;
				CLANG_WARN_DEPRECATED_OBJC_IMPLEMENTATIONS = YES;
				CLANG_WARN_DIRECT_OBJC_ISA_USAGE = YES_ERROR;
				CLANG_WARN_DOCUMENTATION_COMMENTS = YES;
				CLANG_WARN_EMPTY_BODY = YES;
				CLANG_WARN_ENUM_CONVERSION = YES;
				CLANG_WARN_INFINITE_RECURSION = YES;
				CLANG_WARN_INT_CONVERSION = YES;
				CLANG_WARN_NON_LITERAL_NULL_CONVERSION = YES;
				CLANG_WARN_OBJC_IMPLICIT_RETAIN_SELF = YES;
				CLANG_WARN_OBJC_LITERAL_CONVERSION = YES;
				CLANG_WARN_OBJC_ROOT_CLASS = YES_ERROR;
				CLANG_WARN_QUOTED_INCLUDE_IN_FRAMEWORK_HEADER = YES;
				CLANG_WARN_RANGE_LOOP_ANALYSIS = YES;
				CLANG_WARN_STRICT_PROTOTYPES = YES;
				CLANG_WARN_SUSPICIOUS_MOVE = YES;
				CLANG_WARN_UNGUARDED_AVAILABILITY = YES_AGGRESSIVE;
				CLANG_WARN_UNREACHABLE_CODE = YES;
				CLANG_WARN__DUPLICATE_METHOD_MATCH = YES;
				COPY_PHASE_STRIP = NO;
				DEBUG_INFORMATION_FORMAT = "dwarf-with-dsym";
				ENABLE_NS_ASSERTIONS = NO;
				ENABLE_STRICT_OBJC_MSGSEND = YES;
				GCC_C_LANGUAGE_STANDARD = gnu11;
				GCC_NO_COMMON_BLOCKS = YES;
				GCC_WARN_64_TO_32_BIT_CONVERSION = YES;
				GCC_WARN_ABOUT_RETURN_TYPE = YES_ERROR;
				GCC_WARN_UNDECLARED_SELECTOR = YES;
				GCC_WARN_UNINITIALIZED_AUTOS = YES_AGGRESSIVE;
				GCC_WARN_UNUSED_FUNCTION = YES;
				GCC_WARN_UNUSED_VARIABLE = YES;
				IPHONEOS_DEPLOYMENT_TARGET = 15.2;
				MTL_ENABLE_DEBUG_INFO = NO;
				MTL_FAST_MATH = YES;
				SDKROOT = iphoneos;
				SWIFT_COMPILATION_MODE = wholemodule;
				SWIFT_OPTIMIZATION_LEVEL = "-O";
				VALIDATE_PRODUCT = YES;
			};
			name = "Release - Production";
		};
		0548B86A27B4C959000478B8 /* Debug - Production */ = {
			isa = XCBuildConfiguration;
			baseConfigurationReference = 0548B89727B4E9F4000478B8 /* DefiWalletProduction.xcconfig */;
			buildSettings = {
				ASSETCATALOG_COMPILER_APPICON_NAME = "$(ICON_ASSET)";
				ASSETCATALOG_COMPILER_GLOBAL_ACCENT_COLOR_NAME = AccentColor;
				CODE_SIGN_STYLE = Automatic;
				CURRENT_PROJECT_VERSION = "$(CURRENT_PROJECT_VERSION)";
				DEVELOPMENT_ASSET_PATHS = "\"iOS\"";
				DEVELOPMENT_TEAM = TEV97DGLYR;
				ENABLE_PREVIEWS = YES;
				GENERATE_INFOPLIST_FILE = NO;
				INFOPLIST_FILE = "$(SRCROOT)/iOS/Info.plist";
				INFOPLIST_KEY_CFBundleDisplayName = "$(DISPLAY_NAME)";
				INFOPLIST_KEY_UIApplicationSceneManifest_Generation = YES;
				INFOPLIST_KEY_UIApplicationSupportsIndirectInputEvents = YES;
				INFOPLIST_KEY_UILaunchScreen_Generation = YES;
				INFOPLIST_KEY_UISupportedInterfaceOrientations = UIInterfaceOrientationPortrait;
				INFOPLIST_KEY_UISupportedInterfaceOrientations_iPad = "UIInterfaceOrientationPortrait UIInterfaceOrientationPortraitUpsideDown UIInterfaceOrientationLandscapeLeft UIInterfaceOrientationLandscapeRight";
				INFOPLIST_KEY_UISupportedInterfaceOrientations_iPhone = "UIInterfaceOrientationPortrait UIInterfaceOrientationLandscapeLeft UIInterfaceOrientationLandscapeRight";
				INFOPLIST_PREPROCESS = YES;
				LD_RUNPATH_SEARCH_PATHS = (
					"$(inherited)",
					"@executable_path/Frameworks",
				);
				MARKETING_VERSION = "$(MARKETING_VERSION)";
				PRODUCT_BUNDLE_IDENTIFIER = "$(PRODUCT_BUNDLE_IDENTIFIER)";
				PRODUCT_NAME = "$(DISPLAY_NAME)";
				SWIFT_EMIT_LOC_STRINGS = YES;
				SWIFT_VERSION = 5.0;
				TARGETED_DEVICE_FAMILY = "1,2";
			};
			name = "Debug - Production";
		};
		0548B86B27B4C959000478B8 /* Release - Production */ = {
			isa = XCBuildConfiguration;
			baseConfigurationReference = 0548B89727B4E9F4000478B8 /* DefiWalletProduction.xcconfig */;
			buildSettings = {
				ASSETCATALOG_COMPILER_APPICON_NAME = "$(ICON_ASSET)";
				ASSETCATALOG_COMPILER_GLOBAL_ACCENT_COLOR_NAME = AccentColor;
				CODE_SIGN_STYLE = Automatic;
				CURRENT_PROJECT_VERSION = "$(CURRENT_PROJECT_VERSION)";
				DEVELOPMENT_ASSET_PATHS = "\"iOS\"";
				DEVELOPMENT_TEAM = TEV97DGLYR;
				ENABLE_PREVIEWS = YES;
				GENERATE_INFOPLIST_FILE = NO;
				INFOPLIST_FILE = "$(SRCROOT)/iOS/Info.plist";
				INFOPLIST_KEY_CFBundleDisplayName = "$(DISPLAY_NAME)";
				INFOPLIST_KEY_UIApplicationSceneManifest_Generation = YES;
				INFOPLIST_KEY_UIApplicationSupportsIndirectInputEvents = YES;
				INFOPLIST_KEY_UILaunchScreen_Generation = YES;
				INFOPLIST_KEY_UISupportedInterfaceOrientations = UIInterfaceOrientationPortrait;
				INFOPLIST_KEY_UISupportedInterfaceOrientations_iPad = "UIInterfaceOrientationPortrait UIInterfaceOrientationPortraitUpsideDown UIInterfaceOrientationLandscapeLeft UIInterfaceOrientationLandscapeRight";
				INFOPLIST_KEY_UISupportedInterfaceOrientations_iPhone = "UIInterfaceOrientationPortrait UIInterfaceOrientationLandscapeLeft UIInterfaceOrientationLandscapeRight";
				INFOPLIST_PREPROCESS = YES;
				LD_RUNPATH_SEARCH_PATHS = (
					"$(inherited)",
					"@executable_path/Frameworks",
				);
				MARKETING_VERSION = "$(MARKETING_VERSION)";
				PRODUCT_BUNDLE_IDENTIFIER = "$(PRODUCT_BUNDLE_IDENTIFIER)";
				PRODUCT_NAME = "$(DISPLAY_NAME)";
				SWIFT_EMIT_LOC_STRINGS = YES;
				SWIFT_VERSION = 5.0;
				TARGETED_DEVICE_FAMILY = "1,2";
			};
			name = "Release - Production";
		};
		0548B87D27B4C9A8000478B8 /* Debug - Production */ = {
			isa = XCBuildConfiguration;
			baseConfigurationReference = 0548B89527B4E89A000478B8 /* macOSProduction.xcconfig */;
			buildSettings = {
				ASSETCATALOG_COMPILER_APPICON_NAME = "$(ICON_ASSET)";
				ASSETCATALOG_COMPILER_GLOBAL_ACCENT_COLOR_NAME = AccentColor;
				CODE_SIGN_ENTITLEMENTS = macOS/DefiWallet__macOS_.entitlements;
				CODE_SIGN_STYLE = Automatic;
				COMBINE_HIDPI_IMAGES = YES;
				CURRENT_PROJECT_VERSION = 1;
				DEVELOPMENT_ASSET_PATHS = "\"macOS\"";
				DEVELOPMENT_TEAM = TEV97DGLYR;
				ENABLE_HARDENED_RUNTIME = YES;
				ENABLE_PREVIEWS = YES;
				GENERATE_INFOPLIST_FILE = NO;
				INFOPLIST_FILE = "$(SRCROOT)/macOS/Info.plist";
				INFOPLIST_KEY_LSApplicationCategoryType = "public.app-category.finance";
				INFOPLIST_KEY_NSHumanReadableCopyright = "";
				LD_RUNPATH_SEARCH_PATHS = (
					"$(inherited)",
					"@executable_path/../Frameworks",
				);
				MACOSX_DEPLOYMENT_TARGET = 11.4;
				MARKETING_VERSION = "$(MARKETING_VERSION)";
				PRODUCT_BUNDLE_IDENTIFIER = "$(PRODUCT_BUNDLE_IDENTIFIER)";
				PRODUCT_NAME = "$(DISPLAY_NAME)";
				SDKROOT = macosx;
				SWIFT_EMIT_LOC_STRINGS = YES;
				SWIFT_VERSION = 5.0;
			};
			name = "Debug - Production";
		};
		0548B87E27B4C9A8000478B8 /* Release - Production */ = {
			isa = XCBuildConfiguration;
			baseConfigurationReference = 0548B89527B4E89A000478B8 /* macOSProduction.xcconfig */;
			buildSettings = {
				ASSETCATALOG_COMPILER_APPICON_NAME = "$(ICON_ASSET)";
				ASSETCATALOG_COMPILER_GLOBAL_ACCENT_COLOR_NAME = AccentColor;
				CODE_SIGN_ENTITLEMENTS = macOS/DefiWallet__macOS_.entitlements;
				CODE_SIGN_STYLE = Automatic;
				COMBINE_HIDPI_IMAGES = YES;
				CURRENT_PROJECT_VERSION = 1;
				DEVELOPMENT_ASSET_PATHS = "\"macOS\"";
				DEVELOPMENT_TEAM = TEV97DGLYR;
				ENABLE_HARDENED_RUNTIME = YES;
				ENABLE_PREVIEWS = YES;
				GENERATE_INFOPLIST_FILE = NO;
				INFOPLIST_FILE = "$(SRCROOT)/macOS/Info.plist";
				INFOPLIST_KEY_LSApplicationCategoryType = "public.app-category.finance";
				INFOPLIST_KEY_NSHumanReadableCopyright = "";
				LD_RUNPATH_SEARCH_PATHS = (
					"$(inherited)",
					"@executable_path/../Frameworks",
				);
				MACOSX_DEPLOYMENT_TARGET = 11.4;
				MARKETING_VERSION = "$(MARKETING_VERSION)";
				PRODUCT_BUNDLE_IDENTIFIER = "$(PRODUCT_BUNDLE_IDENTIFIER)";
				PRODUCT_NAME = "$(DISPLAY_NAME)";
				SDKROOT = macosx;
				SWIFT_EMIT_LOC_STRINGS = YES;
				SWIFT_VERSION = 5.0;
			};
			name = "Release - Production";
		};
		0548B88E27B4E272000478B8 /* Debug - Development */ = {
			isa = XCBuildConfiguration;
			buildSettings = {
				ALWAYS_SEARCH_USER_PATHS = NO;
				CLANG_ANALYZER_NONNULL = YES;
				CLANG_ANALYZER_NUMBER_OBJECT_CONVERSION = YES_AGGRESSIVE;
				CLANG_CXX_LANGUAGE_STANDARD = "gnu++17";
				CLANG_CXX_LIBRARY = "libc++";
				CLANG_ENABLE_MODULES = YES;
				CLANG_ENABLE_OBJC_ARC = YES;
				CLANG_ENABLE_OBJC_WEAK = YES;
				CLANG_WARN_BLOCK_CAPTURE_AUTORELEASING = YES;
				CLANG_WARN_BOOL_CONVERSION = YES;
				CLANG_WARN_COMMA = YES;
				CLANG_WARN_CONSTANT_CONVERSION = YES;
				CLANG_WARN_DEPRECATED_OBJC_IMPLEMENTATIONS = YES;
				CLANG_WARN_DIRECT_OBJC_ISA_USAGE = YES_ERROR;
				CLANG_WARN_DOCUMENTATION_COMMENTS = YES;
				CLANG_WARN_EMPTY_BODY = YES;
				CLANG_WARN_ENUM_CONVERSION = YES;
				CLANG_WARN_INFINITE_RECURSION = YES;
				CLANG_WARN_INT_CONVERSION = YES;
				CLANG_WARN_NON_LITERAL_NULL_CONVERSION = YES;
				CLANG_WARN_OBJC_IMPLICIT_RETAIN_SELF = YES;
				CLANG_WARN_OBJC_LITERAL_CONVERSION = YES;
				CLANG_WARN_OBJC_ROOT_CLASS = YES_ERROR;
				CLANG_WARN_QUOTED_INCLUDE_IN_FRAMEWORK_HEADER = YES;
				CLANG_WARN_RANGE_LOOP_ANALYSIS = YES;
				CLANG_WARN_STRICT_PROTOTYPES = YES;
				CLANG_WARN_SUSPICIOUS_MOVE = YES;
				CLANG_WARN_UNGUARDED_AVAILABILITY = YES_AGGRESSIVE;
				CLANG_WARN_UNREACHABLE_CODE = YES;
				CLANG_WARN__DUPLICATE_METHOD_MATCH = YES;
				COPY_PHASE_STRIP = NO;
				DEBUG_INFORMATION_FORMAT = dwarf;
				ENABLE_STRICT_OBJC_MSGSEND = YES;
				ENABLE_TESTABILITY = YES;
				GCC_C_LANGUAGE_STANDARD = gnu11;
				GCC_DYNAMIC_NO_PIC = NO;
				GCC_NO_COMMON_BLOCKS = YES;
				GCC_OPTIMIZATION_LEVEL = 0;
				GCC_PREPROCESSOR_DEFINITIONS = (
					"DEBUG=1",
					"$(inherited)",
				);
				GCC_WARN_64_TO_32_BIT_CONVERSION = YES;
				GCC_WARN_ABOUT_RETURN_TYPE = YES_ERROR;
				GCC_WARN_UNDECLARED_SELECTOR = YES;
				GCC_WARN_UNINITIALIZED_AUTOS = YES_AGGRESSIVE;
				GCC_WARN_UNUSED_FUNCTION = YES;
				GCC_WARN_UNUSED_VARIABLE = YES;
				IPHONEOS_DEPLOYMENT_TARGET = 15.2;
				MTL_ENABLE_DEBUG_INFO = INCLUDE_SOURCE;
				MTL_FAST_MATH = YES;
				ONLY_ACTIVE_ARCH = YES;
				SDKROOT = iphoneos;
				SWIFT_ACTIVE_COMPILATION_CONDITIONS = DEBUG;
				SWIFT_OPTIMIZATION_LEVEL = "-Onone";
			};
			name = "Debug - Development";
		};
		0548B88F27B4E272000478B8 /* Debug - Development */ = {
			isa = XCBuildConfiguration;
			baseConfigurationReference = 0548B89627B4E9BF000478B8 /* DefiWalletDevelopment.xcconfig */;
			buildSettings = {
				ASSETCATALOG_COMPILER_APPICON_NAME = "$(ICON_ASSET)";
				ASSETCATALOG_COMPILER_GLOBAL_ACCENT_COLOR_NAME = AccentColor;
				CODE_SIGN_STYLE = Automatic;
				CURRENT_PROJECT_VERSION = "$(CURRENT_PROJECT_VERSION)";
				DEVELOPMENT_ASSET_PATHS = "\"iOS\"";
				DEVELOPMENT_TEAM = TEV97DGLYR;
				ENABLE_PREVIEWS = YES;
				GENERATE_INFOPLIST_FILE = NO;
				INFOPLIST_FILE = "$(SRCROOT)/iOS/Info.plist";
				INFOPLIST_KEY_CFBundleDisplayName = "$(DISPLAY_NAME)";
				INFOPLIST_KEY_UIApplicationSceneManifest_Generation = YES;
				INFOPLIST_KEY_UIApplicationSupportsIndirectInputEvents = YES;
				INFOPLIST_KEY_UILaunchScreen_Generation = YES;
				INFOPLIST_KEY_UISupportedInterfaceOrientations = UIInterfaceOrientationPortrait;
				INFOPLIST_KEY_UISupportedInterfaceOrientations_iPad = "UIInterfaceOrientationPortrait UIInterfaceOrientationPortraitUpsideDown UIInterfaceOrientationLandscapeLeft UIInterfaceOrientationLandscapeRight";
				INFOPLIST_KEY_UISupportedInterfaceOrientations_iPhone = "UIInterfaceOrientationPortrait UIInterfaceOrientationLandscapeLeft UIInterfaceOrientationLandscapeRight";
				INFOPLIST_PREPROCESS = YES;
				LD_RUNPATH_SEARCH_PATHS = (
					"$(inherited)",
					"@executable_path/Frameworks",
				);
				MARKETING_VERSION = "$(MARKETING_VERSION)";
				PRODUCT_BUNDLE_IDENTIFIER = "$(PRODUCT_BUNDLE_IDENTIFIER)";
				PRODUCT_NAME = "$(DISPLAY_NAME)";
				SWIFT_EMIT_LOC_STRINGS = YES;
				SWIFT_VERSION = 5.0;
				TARGETED_DEVICE_FAMILY = "1,2";
			};
			name = "Debug - Development";
		};
		0548B89027B4E272000478B8 /* Debug - Development */ = {
			isa = XCBuildConfiguration;
			baseConfigurationReference = 0548B89427B4E881000478B8 /* macOSDevelopment.xcconfig */;
			buildSettings = {
				ASSETCATALOG_COMPILER_APPICON_NAME = "$(ICON_ASSET)";
				ASSETCATALOG_COMPILER_GLOBAL_ACCENT_COLOR_NAME = AccentColor;
				CODE_SIGN_ENTITLEMENTS = macOS/DefiWallet__macOS_.entitlements;
				CODE_SIGN_STYLE = Automatic;
				COMBINE_HIDPI_IMAGES = YES;
				CURRENT_PROJECT_VERSION = 1;
				DEVELOPMENT_ASSET_PATHS = "\"macOS\"";
				DEVELOPMENT_TEAM = TEV97DGLYR;
				ENABLE_HARDENED_RUNTIME = YES;
				ENABLE_PREVIEWS = YES;
				GENERATE_INFOPLIST_FILE = NO;
				INFOPLIST_FILE = "$(SRCROOT)/macOS/Info.plist";
				INFOPLIST_KEY_LSApplicationCategoryType = "public.app-category.finance";
				INFOPLIST_KEY_NSHumanReadableCopyright = "";
				LD_RUNPATH_SEARCH_PATHS = (
					"$(inherited)",
					"@executable_path/../Frameworks",
				);
				MACOSX_DEPLOYMENT_TARGET = 11.4;
				MARKETING_VERSION = "$(MARKETING_VERSION)";
				PRODUCT_BUNDLE_IDENTIFIER = "$(PRODUCT_BUNDLE_IDENTIFIER)";
				PRODUCT_NAME = "$(DISPLAY_NAME)";
				SDKROOT = macosx;
				SWIFT_EMIT_LOC_STRINGS = YES;
				SWIFT_VERSION = 5.0;
			};
			name = "Debug - Development";
		};
		0548B89127B4E2B2000478B8 /* Release - Development */ = {
			isa = XCBuildConfiguration;
			buildSettings = {
				ALWAYS_SEARCH_USER_PATHS = NO;
				CLANG_ANALYZER_NONNULL = YES;
				CLANG_ANALYZER_NUMBER_OBJECT_CONVERSION = YES_AGGRESSIVE;
				CLANG_CXX_LANGUAGE_STANDARD = "gnu++17";
				CLANG_CXX_LIBRARY = "libc++";
				CLANG_ENABLE_MODULES = YES;
				CLANG_ENABLE_OBJC_ARC = YES;
				CLANG_ENABLE_OBJC_WEAK = YES;
				CLANG_WARN_BLOCK_CAPTURE_AUTORELEASING = YES;
				CLANG_WARN_BOOL_CONVERSION = YES;
				CLANG_WARN_COMMA = YES;
				CLANG_WARN_CONSTANT_CONVERSION = YES;
				CLANG_WARN_DEPRECATED_OBJC_IMPLEMENTATIONS = YES;
				CLANG_WARN_DIRECT_OBJC_ISA_USAGE = YES_ERROR;
				CLANG_WARN_DOCUMENTATION_COMMENTS = YES;
				CLANG_WARN_EMPTY_BODY = YES;
				CLANG_WARN_ENUM_CONVERSION = YES;
				CLANG_WARN_INFINITE_RECURSION = YES;
				CLANG_WARN_INT_CONVERSION = YES;
				CLANG_WARN_NON_LITERAL_NULL_CONVERSION = YES;
				CLANG_WARN_OBJC_IMPLICIT_RETAIN_SELF = YES;
				CLANG_WARN_OBJC_LITERAL_CONVERSION = YES;
				CLANG_WARN_OBJC_ROOT_CLASS = YES_ERROR;
				CLANG_WARN_QUOTED_INCLUDE_IN_FRAMEWORK_HEADER = YES;
				CLANG_WARN_RANGE_LOOP_ANALYSIS = YES;
				CLANG_WARN_STRICT_PROTOTYPES = YES;
				CLANG_WARN_SUSPICIOUS_MOVE = YES;
				CLANG_WARN_UNGUARDED_AVAILABILITY = YES_AGGRESSIVE;
				CLANG_WARN_UNREACHABLE_CODE = YES;
				CLANG_WARN__DUPLICATE_METHOD_MATCH = YES;
				COPY_PHASE_STRIP = NO;
				DEBUG_INFORMATION_FORMAT = "dwarf-with-dsym";
				ENABLE_NS_ASSERTIONS = NO;
				ENABLE_STRICT_OBJC_MSGSEND = YES;
				GCC_C_LANGUAGE_STANDARD = gnu11;
				GCC_NO_COMMON_BLOCKS = YES;
				GCC_WARN_64_TO_32_BIT_CONVERSION = YES;
				GCC_WARN_ABOUT_RETURN_TYPE = YES_ERROR;
				GCC_WARN_UNDECLARED_SELECTOR = YES;
				GCC_WARN_UNINITIALIZED_AUTOS = YES_AGGRESSIVE;
				GCC_WARN_UNUSED_FUNCTION = YES;
				GCC_WARN_UNUSED_VARIABLE = YES;
				IPHONEOS_DEPLOYMENT_TARGET = 15.2;
				MTL_ENABLE_DEBUG_INFO = NO;
				MTL_FAST_MATH = YES;
				SDKROOT = iphoneos;
				SWIFT_COMPILATION_MODE = wholemodule;
				SWIFT_OPTIMIZATION_LEVEL = "-O";
				VALIDATE_PRODUCT = YES;
			};
			name = "Release - Development";
		};
		0548B89227B4E2B2000478B8 /* Release - Development */ = {
			isa = XCBuildConfiguration;
			baseConfigurationReference = 0548B89627B4E9BF000478B8 /* DefiWalletDevelopment.xcconfig */;
			buildSettings = {
				ASSETCATALOG_COMPILER_APPICON_NAME = "$(ICON_ASSET)";
				ASSETCATALOG_COMPILER_GLOBAL_ACCENT_COLOR_NAME = AccentColor;
				CODE_SIGN_STYLE = Automatic;
				CURRENT_PROJECT_VERSION = "$(CURRENT_PROJECT_VERSION)";
				DEVELOPMENT_ASSET_PATHS = "\"iOS\"";
				DEVELOPMENT_TEAM = TEV97DGLYR;
				ENABLE_PREVIEWS = YES;
				GENERATE_INFOPLIST_FILE = NO;
				INFOPLIST_FILE = "$(SRCROOT)/iOS/Info.plist";
				INFOPLIST_KEY_CFBundleDisplayName = "$(DISPLAY_NAME)";
				INFOPLIST_KEY_UIApplicationSceneManifest_Generation = YES;
				INFOPLIST_KEY_UIApplicationSupportsIndirectInputEvents = YES;
				INFOPLIST_KEY_UILaunchScreen_Generation = YES;
				INFOPLIST_KEY_UISupportedInterfaceOrientations = UIInterfaceOrientationPortrait;
				INFOPLIST_KEY_UISupportedInterfaceOrientations_iPad = "UIInterfaceOrientationPortrait UIInterfaceOrientationPortraitUpsideDown UIInterfaceOrientationLandscapeLeft UIInterfaceOrientationLandscapeRight";
				INFOPLIST_KEY_UISupportedInterfaceOrientations_iPhone = "UIInterfaceOrientationPortrait UIInterfaceOrientationLandscapeLeft UIInterfaceOrientationLandscapeRight";
				INFOPLIST_PREPROCESS = YES;
				LD_RUNPATH_SEARCH_PATHS = (
					"$(inherited)",
					"@executable_path/Frameworks",
				);
				MARKETING_VERSION = "$(MARKETING_VERSION)";
				PRODUCT_BUNDLE_IDENTIFIER = "$(PRODUCT_BUNDLE_IDENTIFIER)";
				PRODUCT_NAME = "$(DISPLAY_NAME)";
				SWIFT_EMIT_LOC_STRINGS = YES;
				SWIFT_VERSION = 5.0;
				TARGETED_DEVICE_FAMILY = "1,2";
			};
			name = "Release - Development";
		};
		0548B89327B4E2B2000478B8 /* Release - Development */ = {
			isa = XCBuildConfiguration;
			baseConfigurationReference = 0548B89427B4E881000478B8 /* macOSDevelopment.xcconfig */;
			buildSettings = {
				ASSETCATALOG_COMPILER_APPICON_NAME = "$(ICON_ASSET)";
				ASSETCATALOG_COMPILER_GLOBAL_ACCENT_COLOR_NAME = AccentColor;
				CODE_SIGN_ENTITLEMENTS = macOS/DefiWallet__macOS_.entitlements;
				CODE_SIGN_STYLE = Automatic;
				COMBINE_HIDPI_IMAGES = YES;
				CURRENT_PROJECT_VERSION = 1;
				DEVELOPMENT_ASSET_PATHS = "\"macOS\"";
				DEVELOPMENT_TEAM = TEV97DGLYR;
				ENABLE_HARDENED_RUNTIME = YES;
				ENABLE_PREVIEWS = YES;
				GENERATE_INFOPLIST_FILE = NO;
				INFOPLIST_FILE = "$(SRCROOT)/macOS/Info.plist";
				INFOPLIST_KEY_LSApplicationCategoryType = "public.app-category.finance";
				INFOPLIST_KEY_NSHumanReadableCopyright = "";
				LD_RUNPATH_SEARCH_PATHS = (
					"$(inherited)",
					"@executable_path/../Frameworks",
				);
				MACOSX_DEPLOYMENT_TARGET = 11.4;
				MARKETING_VERSION = "$(MARKETING_VERSION)";
				PRODUCT_BUNDLE_IDENTIFIER = "$(PRODUCT_BUNDLE_IDENTIFIER)";
				PRODUCT_NAME = "$(DISPLAY_NAME)";
				SDKROOT = macosx;
				SWIFT_EMIT_LOC_STRINGS = YES;
				SWIFT_VERSION = 5.0;
			};
			name = "Release - Development";
		};
/* End XCBuildConfiguration section */

/* Begin XCConfigurationList section */
		0548B85627B4C957000478B8 /* Build configuration list for PBXProject "DefiWallet" */ = {
			isa = XCConfigurationList;
			buildConfigurations = (
				0548B86727B4C959000478B8 /* Debug - Production */,
				0548B88E27B4E272000478B8 /* Debug - Development */,
				0548B86827B4C959000478B8 /* Release - Production */,
				0548B89127B4E2B2000478B8 /* Release - Development */,
			);
			defaultConfigurationIsVisible = 0;
			defaultConfigurationName = "Release - Development";
		};
		0548B86927B4C959000478B8 /* Build configuration list for PBXNativeTarget "DefiWallet (iOS)" */ = {
			isa = XCConfigurationList;
			buildConfigurations = (
				0548B86A27B4C959000478B8 /* Debug - Production */,
				0548B88F27B4E272000478B8 /* Debug - Development */,
				0548B86B27B4C959000478B8 /* Release - Production */,
				0548B89227B4E2B2000478B8 /* Release - Development */,
			);
			defaultConfigurationIsVisible = 0;
			defaultConfigurationName = "Release - Development";
		};
		0548B87C27B4C9A8000478B8 /* Build configuration list for PBXNativeTarget "DefiWallet (macOS)" */ = {
			isa = XCConfigurationList;
			buildConfigurations = (
				0548B87D27B4C9A8000478B8 /* Debug - Production */,
				0548B89027B4E272000478B8 /* Debug - Development */,
				0548B87E27B4C9A8000478B8 /* Release - Production */,
				0548B89327B4E2B2000478B8 /* Release - Development */,
			);
			defaultConfigurationIsVisible = 0;
			defaultConfigurationName = "Release - Development";
		};
/* End XCConfigurationList section */

/* Begin XCRemoteSwiftPackageReference section */
		057806C027B85E700008051B /* XCRemoteSwiftPackageReference "stinsen" */ = {
			isa = XCRemoteSwiftPackageReference;
			repositoryURL = "https://github.com/rundfunk47/stinsen";
			requirement = {
				kind = upToNextMajorVersion;
				minimumVersion = 2.0.0;
			};
		};
		057806C327B85EBD0008051B /* XCRemoteSwiftPackageReference "Alamofire" */ = {
			isa = XCRemoteSwiftPackageReference;
			repositoryURL = "https://github.com/Alamofire/Alamofire.git";
			requirement = {
				branch = master;
				kind = branch;
			};
		};
		057806C627B85F9F0008051B /* XCRemoteSwiftPackageReference "web3swift" */ = {
			isa = XCRemoteSwiftPackageReference;
			repositoryURL = "https://github.com/skywinder/web3swift";
			requirement = {
				kind = upToNextMajorVersion;
				minimumVersion = 2.0.0;
			};
		};
		057806C927B862010008051B /* XCRemoteSwiftPackageReference "SwiftUIX" */ = {
			isa = XCRemoteSwiftPackageReference;
			repositoryURL = "https://github.com/SwiftUIX/SwiftUIX";
			requirement = {
				kind = upToNextMajorVersion;
				minimumVersion = 0.1.1;
			};
		};
		057806CC27B862270008051B /* XCRemoteSwiftPackageReference "Colorful" */ = {
			isa = XCRemoteSwiftPackageReference;
			repositoryURL = "https://github.com/Lakr233/Colorful";
			requirement = {
				kind = upToNextMajorVersion;
				minimumVersion = 1.0.0;
			};
		};
		057806CF27B862480008051B /* XCRemoteSwiftPackageReference "ChartView" */ = {
			isa = XCRemoteSwiftPackageReference;
			repositoryURL = "https://github.com/AppPear/ChartView";
			requirement = {
				kind = upToNextMajorVersion;
				minimumVersion = 1.0.0;
			};
		};
		057806D227B862910008051B /* XCRemoteSwiftPackageReference "LightChart" */ = {
			isa = XCRemoteSwiftPackageReference;
			repositoryURL = "https://github.com/pichukov/LightChart";
			requirement = {
				kind = upToNextMajorVersion;
				minimumVersion = 1.0.0;
			};
		};
		057806D527B865330008051B /* XCRemoteSwiftPackageReference "SwiftLint" */ = {
			isa = XCRemoteSwiftPackageReference;
			repositoryURL = "https://github.com/realm/SwiftLint";
			requirement = {
				kind = upToNextMajorVersion;
				minimumVersion = 0.9.2;
			};
		};
/* End XCRemoteSwiftPackageReference section */

/* Begin XCSwiftPackageProductDependency section */
		057806C127B85E700008051B /* Stinsen */ = {
			isa = XCSwiftPackageProductDependency;
			package = 057806C027B85E700008051B /* XCRemoteSwiftPackageReference "stinsen" */;
			productName = Stinsen;
		};
		057806C427B85EBD0008051B /* Alamofire */ = {
			isa = XCSwiftPackageProductDependency;
			package = 057806C327B85EBD0008051B /* XCRemoteSwiftPackageReference "Alamofire" */;
			productName = Alamofire;
		};
		057806C727B85F9F0008051B /* web3swift */ = {
			isa = XCSwiftPackageProductDependency;
			package = 057806C627B85F9F0008051B /* XCRemoteSwiftPackageReference "web3swift" */;
			productName = web3swift;
		};
		057806CA27B862010008051B /* SwiftUIX */ = {
			isa = XCSwiftPackageProductDependency;
			package = 057806C927B862010008051B /* XCRemoteSwiftPackageReference "SwiftUIX" */;
			productName = SwiftUIX;
		};
		057806CD27B862270008051B /* Colorful */ = {
			isa = XCSwiftPackageProductDependency;
			package = 057806CC27B862270008051B /* XCRemoteSwiftPackageReference "Colorful" */;
			productName = Colorful;
		};
		057806D027B862480008051B /* SwiftUICharts */ = {
			isa = XCSwiftPackageProductDependency;
			package = 057806CF27B862480008051B /* XCRemoteSwiftPackageReference "ChartView" */;
			productName = SwiftUICharts;
		};
		057806D327B862910008051B /* LightChart */ = {
			isa = XCSwiftPackageProductDependency;
			package = 057806D227B862910008051B /* XCRemoteSwiftPackageReference "LightChart" */;
			productName = LightChart;
		};
/* End XCSwiftPackageProductDependency section */
	};
	rootObject = 0548B85327B4C957000478B8 /* Project object */;
}
